# This file is automatically @generated by Cargo.
# It is not intended for manual editing.
version = 4

[[package]]
name = "ferrite-asm"
version = "0.1.0"
dependencies = [
 "ferrite-emu",
]

[[package]]
name = "ferrite-cli"
version = "0.1.0"
dependencies = [
 "ferrite-asm",
 "ferrite-emu",
]

[[package]]
name = "ferrite-emu"
version = "0.1.0"
